
Microsoft Visual Studio Solution File, Format Version 12.00
# Visual Studio Version 17
VisualStudioVersion = 17.0.31903.59
MinimumVisualStudioVersion = 10.0.40219.1
Project("{FAE04EC0-301F-11D3-BF4B-00C04F79EFBC}") = "Expense Tracker", "Expense Tracker\Expense Tracker.csproj", "{878756D0-A8DC-4AFF-A172-B67ADB87673E}"
EndProject
Global
	GlobalSection(SolutionConfigurationPlatforms) = preSolution
		Debug|Any CPU = Debug|Any CPU
		Release|Any CPU = Release|Any CPU
	EndGlobalSection
	GlobalSection(SolutionProperties) = preSolution
		HideSolutionNode = FALSE
	EndGlobalSection
	GlobalSection(ProjectConfigurationPlatforms) = postSolution
		{878756D0-A8DC-4AFF-A172-B67ADB87673E}.Debug|Any CPU.ActiveCfg = Debug|Any CPU
		{878756D0-A8DC-4AFF-A172-B67ADB87673E}.Debug|Any CPU.Build.0 = Debug|Any CPU
		{878756D0-A8DC-4AFF-A172-B67ADB87673E}.Release|Any CPU.ActiveCfg = Release|Any CPU
		{878756D0-A8DC-4AFF-A172-B67ADB87673E}.Release|Any CPU.Build.0 = Release|Any CPU
	EndGlobalSection
EndGlobal
